
Microsoft Visual Studio Solution File, Format Version 12.00
# Visual Studio 15
VisualStudioVersion = 15.0.28307.779
MinimumVisualStudioVersion = 10.0.40219.1
Project("{FAE04EC0-301F-11D3-BF4B-00C04F79EFBC}") = "YoutubeWallpaper", "YoutubeWallpaper\YoutubeWallpaper.csproj", "{0FF13AC6-0C04-4B88-812D-6A871B8D4831}"
EndProject
Global
	GlobalSection(SolutionConfigurationPlatforms) = preSolution
		Debug|x86 = Debug|x86
		Release|x86 = Release|x86
	EndGlobalSection
	GlobalSection(ProjectConfigurationPlatforms) = postSolution
		{0FF13AC6-0C04-4B88-812D-6A871B8D4831}.Debug|x86.ActiveCfg = Debug|x86
		{0FF13AC6-0C04-4B88-812D-6A871B8D4831}.Debug|x86.Build.0 = Debug|x86
		{0FF13AC6-0C04-4B88-812D-6A871B8D4831}.Release|x86.ActiveCfg = Release|x86
		{0FF13AC6-0C04-4B88-812D-6A871B8D4831}.Release|x86.Build.0 = Release|x86
	EndGlobalSection
	GlobalSection(SolutionProperties) = preSolution
		HideSolutionNode = FALSE
	EndGlobalSection
	GlobalSection(ExtensibilityGlobals) = postSolution
		SolutionGuid = {6622AB7D-604E-4576-8608-845BE259E0A4}
	EndGlobalSection
EndGlobal
